
Microsoft Visual Studio Solution File, Format Version 12.00
# Visual Studio Version 16
VisualStudioVersion = 16.0.30225.117
MinimumVisualStudioVersion = 10.0.40219.1
Project("{9A19103F-16F7-4668-BE54-9A1E7A4F7556}") = "FxaPortal", "FxaPortal.csproj", "{F263836B-5C08-442A-BB61-E41AD4C75F1B}"
EndProject
Global
	GlobalSection(SolutionConfigurationPlatforms) = preSolution
		Debug|Any CPU = Debug|Any CPU
		Release|Any CPU = Release|Any CPU
	EndGlobalSection
	GlobalSection(ProjectConfigurationPlatforms) = postSolution
		{F263836B-5C08-442A-BB61-E41AD4C75F1B}.Debug|Any CPU.ActiveCfg = Debug|Any CPU
		{F263836B-5C08-442A-BB61-E41AD4C75F1B}.Debug|Any CPU.Build.0 = Debug|Any CPU
		{F263836B-5C08-442A-BB61-E41AD4C75F1B}.Release|Any CPU.ActiveCfg = Release|Any CPU
		{F263836B-5C08-442A-BB61-E41AD4C75F1B}.Release|Any CPU.Build.0 = Release|Any CPU
	EndGlobalSection
	GlobalSection(SolutionProperties) = preSolution
		HideSolutionNode = FALSE
	EndGlobalSection
	GlobalSection(ExtensibilityGlobals) = postSolution
		SolutionGuid = {369E02A1-6D79-444E-B19A-48A21AA2171E}
	EndGlobalSection
EndGlobal
